// !$*UTF8*$!
{
	archiveVersion = 1;
	classes = {
	};
	objectVersion = 54;
	objects = {

/* Begin PBXBuildFile section */
		400FDC042F7BA1B500C44194 /* clipboard_mac.mm in Sources */ = {isa = PBXBuildFile; fileRef = 400FDC032F7BA1B500C44194 /* clipboard_mac.mm */; };
		400FDC052F7BA1B500C44194 /* clipboard_mac.mm in Sources */ = {isa = PBXBuildFile; fileRef = 400FDC032F7BA1B500C44194 /* clipboard_mac.mm */; };
		400FDC072F7BA27500C44194 /* AppKit.framework in Frameworks */ = {isa = PBXBuildFile; fileRef = 400FDC062F7BA27500C44194 /* AppKit.framework */; };
		6FFC3A301D498A9B00806C66 /* FileMakerMCP.cpp in Sources */ = {isa = PBXBuildFile; fileRef = 6FFC39E71D49571000806C66 /* FileMakerMCP.cpp */; };
		6FFC3A311D498A9C00806C66 /* FileMakerMCP.cpp in Sources */ = {isa = PBXBuildFile; fileRef = 6FFC39E71D49571000806C66 /* FileMakerMCP.cpp */; };
/* End PBXBuildFile section */

/* Begin PBXFileReference section */
		400FDC032F7BA1B500C44194 /* clipboard_mac.mm */ = {isa = PBXFileReference; lastKnownFileType = sourcecode.cpp.objcpp; path = clipboard_mac.mm; sourceTree = "<group>"; };
		400FDC062F7BA27500C44194 /* AppKit.framework */ = {isa = PBXFileReference; lastKnownFileType = wrapper.framework; name = AppKit.framework; path = System/Library/Frameworks/AppKit.framework; sourceTree = SDKROOT; };
		6F7B061E1DA3349E0005CA55 /* Accelerate.framework */ = {isa = PBXFileReference; lastKnownFileType = wrapper.framework; name = Accelerate.framework; path = System/Library/Frameworks/Accelerate.framework; sourceTree = SDKROOT; };
		6FFC39E41D49571000806C66 /* FileMakerMCP.fmplugin */ = {isa = PBXFileReference; explicitFileType = wrapper.cfbundle; includeInIndex = 0; path = FileMakerMCP.fmplugin; sourceTree = BUILT_PRODUCTS_DIR; };
		6FFC39E71D49571000806C66 /* FileMakerMCP.cpp */ = {isa = PBXFileReference; lastKnownFileType = sourcecode.cpp.cpp; path = FileMakerMCP.cpp; sourceTree = "<group>"; };
		6FFC39E91D49571000806C66 /* Info.plist */ = {isa = PBXFileReference; lastKnownFileType = text.plist.xml; path = Info.plist; sourceTree = "<group>"; };
		6FFC3A0A1D49764900806C66 /* FileMakerMCPIOS.fmplugin */ = {isa = PBXFileReference; explicitFileType = wrapper.cfbundle; includeInIndex = 0; path = FileMakerMCPIOS.fmplugin; sourceTree = BUILT_PRODUCTS_DIR; };
		6FFC3A331D49972700806C66 /* FMWrapper */ = {isa = PBXFileReference; lastKnownFileType = folder; name = FMWrapper; path = ../Headers/FMWrapper; sourceTree = "<group>"; };
/* End PBXFileReference section */

/* Begin PBXFrameworksBuildPhase section */
		6FFC39E01D49571000806C66 /* Frameworks */ = {
			isa = PBXFrameworksBuildPhase;
			buildActionMask = 2147483647;
			files = (
				400FDC072F7BA27500C44194 /* AppKit.framework in Frameworks */,
			);
			runOnlyForDeploymentPostprocessing = 0;
		};
		6FFC3A031D49764900806C66 /* Frameworks */ = {
			isa = PBXFrameworksBuildPhase;
			buildActionMask = 2147483647;
			files = (
			);
			runOnlyForDeploymentPostprocessing = 0;
		};
/* End PBXFrameworksBuildPhase section */

/* Begin PBXGroup section */
		6F7B061D1DA3349E0005CA55 /* Frameworks */ = {
			isa = PBXGroup;
			children = (
				400FDC062F7BA27500C44194 /* AppKit.framework */,
				6F7B061E1DA3349E0005CA55 /* Accelerate.framework */,
			);
			name = Frameworks;
			sourceTree = "<group>";
		};
		6FFC39DA1D49571000806C66 = {
			isa = PBXGroup;
			children = (
				6FFC3A331D49972700806C66 /* FMWrapper */,
				6FFC39E61D49571000806C66 /* FileMakerMCP */,
				6FFC39E51D49571000806C66 /* Products */,
				6F7B061D1DA3349E0005CA55 /* Frameworks */,
			);
			sourceTree = "<group>";
			usesTabs = 1;
		};
		6FFC39E51D49571000806C66 /* Products */ = {
			isa = PBXGroup;
			children = (
				6FFC39E41D49571000806C66 /* FileMakerMCP.fmplugin */,
				6FFC3A0A1D49764900806C66 /* FileMakerMCPIOS.fmplugin */,
			);
			name = Products;
			sourceTree = "<group>";
		};
		6FFC39E61D49571000806C66 /* FileMakerMCP */ = {
			isa = PBXGroup;
			children = (
				6FFC39E71D49571000806C66 /* FileMakerMCP.cpp */,
				6FFC39E91D49571000806C66 /* Info.plist */,
				400FDC032F7BA1B500C44194 /* clipboard_mac.mm */,
			);
			path = FileMakerMCP;
			sourceTree = "<group>";
		};
/* End PBXGroup section */

/* Begin PBXHeadersBuildPhase section */
		6FFC39E11D49571000806C66 /* Headers */ = {
			isa = PBXHeadersBuildPhase;
			buildActionMask = 2147483647;
			files = (
			);
			runOnlyForDeploymentPostprocessing = 0;
		};
		6FFC3A041D49764900806C66 /* Headers */ = {
			isa = PBXHeadersBuildPhase;
			buildActionMask = 2147483647;
			files = (
			);
			runOnlyForDeploymentPostprocessing = 0;
		};
/* End PBXHeadersBuildPhase section */

/* Begin PBXNativeTarget section */
		6FFC39E31D49571000806C66 /* FileMakerMCP */ = {
			isa = PBXNativeTarget;
			buildConfigurationList = 6FFC39EC1D49571000806C66 /* Build configuration list for PBXNativeTarget "FileMakerMCP" */;
			buildPhases = (
				6FFC39DF1D49571000806C66 /* Sources */,
				6FFC39E01D49571000806C66 /* Frameworks */,
				6FFC39E11D49571000806C66 /* Headers */,
				6FFC39E21D49571000806C66 /* Resources */,
			);
			buildRules = (
			);
			dependencies = (
			);
			name = FileMakerMCP;
			productName = FMMiniPlugIn;
			productReference = 6FFC39E41D49571000806C66 /* FileMakerMCP.fmplugin */;
			productType = "com.apple.product-type.bundle";
		};
		6FFC3A011D49764900806C66 /* FileMakerMCPIOS */ = {
			isa = PBXNativeTarget;
			buildConfigurationList = 6FFC3A071D49764900806C66 /* Build configuration list for PBXNativeTarget "FileMakerMCPIOS" */;
			buildPhases = (
				6FFC3A021D49764900806C66 /* Sources */,
				6FFC3A031D49764900806C66 /* Frameworks */,
				6FFC3A041D49764900806C66 /* Headers */,
				6FFC3A061D49764900806C66 /* Resources */,
			);
			buildRules = (
			);
			dependencies = (
			);
			name = FileMakerMCPIOS;
			productName = FMMiniPlugIn;
			productReference = 6FFC3A0A1D49764900806C66 /* FileMakerMCPIOS.fmplugin */;
			productType = "com.apple.product-type.bundle";
		};
/* End PBXNativeTarget section */

/* Begin PBXProject section */
		6FFC39DB1D49571000806C66 /* Project object */ = {
			isa = PBXProject;
			attributes = {
				BuildIndependentTargetsInParallel = YES;
				LastUpgradeCheck = 2630;
				ORGANIZATIONNAME = "Claris International Inc.";
				TargetAttributes = {
					6FFC39E31D49571000806C66 = {
						CreatedOnToolsVersion = 7.3.1;
					};
					6FFC3A011D49764900806C66 = {
						DevelopmentTeam = J6K4T76U7W;
					};
				};
			};
			buildConfigurationList = 6FFC39DE1D49571000806C66 /* Build configuration list for PBXProject "FileMakerMCP" */;
			compatibilityVersion = "Xcode 11.0";
			developmentRegion = en;
			hasScannedForEncodings = 0;
			knownRegions = (
				en,
				Base,
			);
			mainGroup = 6FFC39DA1D49571000806C66;
			productRefGroup = 6FFC39E51D49571000806C66 /* Products */;
			projectDirPath = "";
			projectRoot = "";
			targets = (
				6FFC39E31D49571000806C66 /* FileMakerMCP */,
				6FFC3A011D49764900806C66 /* FileMakerMCPIOS */,
			);
		};
/* End PBXProject section */

/* Begin PBXResourcesBuildPhase section */
		6FFC39E21D49571000806C66 /* Resources */ = {
			isa = PBXResourcesBuildPhase;
			buildActionMask = 2147483647;
			files = (
			);
			runOnlyForDeploymentPostprocessing = 0;
		};
		6FFC3A061D49764900806C66 /* Resources */ = {
			isa = PBXResourcesBuildPhase;
			buildActionMask = 2147483647;
			files = (
			);
			runOnlyForDeploymentPostprocessing = 0;
		};
/* End PBXResourcesBuildPhase section */

/* Begin PBXSourcesBuildPhase section */
		6FFC39DF1D49571000806C66 /* Sources */ = {
			isa = PBXSourcesBuildPhase;
			buildActionMask = 2147483647;
			files = (
				400FDC042F7BA1B500C44194 /* clipboard_mac.mm in Sources */,
				6FFC3A301D498A9B00806C66 /* FileMakerMCP.cpp in Sources */,
			);
			runOnlyForDeploymentPostprocessing = 0;
		};
		6FFC3A021D49764900806C66 /* Sources */ = {
			isa = PBXSourcesBuildPhase;
			buildActionMask = 2147483647;
			files = (
				400FDC052F7BA1B500C44194 /* clipboard_mac.mm in Sources */,
				6FFC3A311D498A9C00806C66 /* FileMakerMCP.cpp in Sources */,
			);
			runOnlyForDeploymentPostprocessing = 0;
		};
/* End PBXSourcesBuildPhase section */

/* Begin XCBuildConfiguration section */
		6FFC39EA1D49571000806C66 /* Debug */ = {
			isa = XCBuildConfiguration;
			buildSettings = {
				ALWAYS_SEARCH_USER_PATHS = NO;
				CLANG_ANALYZER_LOCALIZABILITY_NONLOCALIZED = YES;
				CLANG_ANALYZER_NONNULL = YES;
				CLANG_CXX_LANGUAGE_STANDARD = "c++14";
				CLANG_CXX_LIBRARY = "libc++";
				CLANG_ENABLE_OBJC_ARC = YES;
				CLANG_LINK_OBJC_RUNTIME = NO;
				CLANG_WARN_ASSIGN_ENUM = YES;
				CLANG_WARN_BLOCK_CAPTURE_AUTORELEASING = YES;
				CLANG_WARN_BOOL_CONVERSION = YES;
				CLANG_WARN_COMMA = YES;
				CLANG_WARN_CONSTANT_CONVERSION = YES;
				CLANG_WARN_CXX0X_EXTENSIONS = YES;
				CLANG_WARN_DEPRECATED_OBJC_IMPLEMENTATIONS = YES;
				CLANG_WARN_DIRECT_OBJC_ISA_USAGE = YES_ERROR;
				CLANG_WARN_DOCUMENTATION_COMMENTS = YES;
				CLANG_WARN_EMPTY_BODY = YES;
				CLANG_WARN_ENUM_CONVERSION = YES;
				CLANG_WARN_IMPLICIT_SIGN_CONVERSION = YES;
				CLANG_WARN_INFINITE_RECURSION = YES;
				CLANG_WARN_INT_CONVERSION = YES;
				CLANG_WARN_NULLABLE_TO_NONNULL_CONVERSION = YES;
				CLANG_WARN_OBJC_IMPLICIT_RETAIN_SELF = YES;
				CLANG_WARN_OBJC_ROOT_CLASS = YES_ERROR;
				CLANG_WARN_QUOTED_INCLUDE_IN_FRAMEWORK_HEADER = YES;
				CLANG_WARN_RANGE_LOOP_ANALYSIS = YES;
				CLANG_WARN_STRICT_PROTOTYPES = YES;
				CLANG_WARN_SUSPICIOUS_IMPLICIT_CONVERSION = YES;
				CLANG_WARN_SUSPICIOUS_MOVE = YES;
				CLANG_WARN_UNREACHABLE_CODE = YES;
				CLANG_WARN__DUPLICATE_METHOD_MATCH = YES;
				CLANG_WARN__EXIT_TIME_DESTRUCTORS = YES;
				COPY_PHASE_STRIP = NO;
				CURRENT_PROJECT_VERSION = 1.5.0.1;
				DEAD_CODE_STRIPPING = YES;
				DEBUG_INFORMATION_FORMAT = dwarf;
				DYLIB_COMPATIBILITY_VERSION = 1;
				DYLIB_CURRENT_VERSION = 1;
				DYLIB_INSTALL_NAME_BASE = "@rpath";
				ENABLE_BITCODE = NO;
				ENABLE_STRICT_OBJC_MSGSEND = YES;
				ENABLE_TESTABILITY = YES;
				ENABLE_USER_SCRIPT_SANDBOXING = YES;
				GCC_ENABLE_OBJC_EXCEPTIONS = NO;
				GCC_NO_COMMON_BLOCKS = YES;
				GCC_OPTIMIZATION_LEVEL = 0;
				GCC_TREAT_IMPLICIT_FUNCTION_DECLARATIONS_AS_ERRORS = YES;
				GCC_TREAT_INCOMPATIBLE_POINTER_TYPE_WARNINGS_AS_ERRORS = YES;
				GCC_WARN_64_TO_32_BIT_CONVERSION = YES;
				GCC_WARN_ABOUT_MISSING_FIELD_INITIALIZERS = YES;
				GCC_WARN_ABOUT_MISSING_NEWLINE = YES;
				GCC_WARN_ABOUT_MISSING_PROTOTYPES = YES;
				GCC_WARN_ABOUT_RETURN_TYPE = YES_ERROR;
				GCC_WARN_FOUR_CHARACTER_CONSTANTS = YES;
				GCC_WARN_HIDDEN_VIRTUAL_FUNCTIONS = YES;
				GCC_WARN_INITIALIZER_NOT_FULLY_BRACKETED = YES;
				GCC_WARN_NON_VIRTUAL_DESTRUCTOR = YES;
				GCC_WARN_SHADOW = YES;
				GCC_WARN_SIGN_COMPARE = YES;
				GCC_WARN_UNDECLARED_SELECTOR = YES;
				GCC_WARN_UNINITIALIZED_AUTOS = YES_AGGRESSIVE;
				GCC_WARN_UNUSED_FUNCTION = YES;
				GCC_WARN_UNUSED_LABEL = YES;
				GCC_WARN_UNUSED_PARAMETER = YES;
				GCC_WARN_UNUSED_VARIABLE = YES;
				GENERATE_PKGINFO_FILE = YES;
				HEADER_SEARCH_PATHS = ../Headers;
				INFOPLIST_FILE = FMMiniPlugIn/Info.plist;
				INFOPLIST_OUTPUT_FORMAT = binary;
				IPHONEOS_DEPLOYMENT_TARGET = 17.0;
				MACOSX_DEPLOYMENT_TARGET = 11.0;
				ONLY_ACTIVE_ARCH = YES;
				OTHER_CPLUSPLUSFLAGS = (
					"-fno-constant-cfstrings",
					"$(OTHER_CFLAGS)",
				);
				PRODUCT_NAME = "";
				SKIP_INSTALL = YES;
				STRING_CATALOG_GENERATE_SYMBOLS = YES;
				VERSION_INFO_PREFIX = "";
				WRAPPER_EXTENSION = fmplugin;
			};
			name = Debug;
		};
		6FFC39EB1D49571000806C66 /* Release */ = {
			isa = XCBuildConfiguration;
			buildSettings = {
				ALWAYS_SEARCH_USER_PATHS = NO;
				CLANG_ANALYZER_LOCALIZABILITY_NONLOCALIZED = YES;
				CLANG_ANALYZER_NONNULL = YES;
				CLANG_CXX_LANGUAGE_STANDARD = "c++14";
				CLANG_CXX_LIBRARY = "libc++";
				CLANG_ENABLE_OBJC_ARC = YES;
				CLANG_LINK_OBJC_RUNTIME = NO;
				CLANG_WARN_ASSIGN_ENUM = YES;
				CLANG_WARN_BLOCK_CAPTURE_AUTORELEASING = YES;
				CLANG_WARN_BOOL_CONVERSION = YES;
				CLANG_WARN_COMMA = YES;
				CLANG_WARN_CONSTANT_CONVERSION = YES;
				CLANG_WARN_CXX0X_EXTENSIONS = YES;
				CLANG_WARN_DEPRECATED_OBJC_IMPLEMENTATIONS = YES;
				CLANG_WARN_DIRECT_OBJC_ISA_USAGE = YES_ERROR;
				CLANG_WARN_DOCUMENTATION_COMMENTS = YES;
				CLANG_WARN_EMPTY_BODY = YES;
				CLANG_WARN_ENUM_CONVERSION = YES;
				CLANG_WARN_IMPLICIT_SIGN_CONVERSION = YES;
				CLANG_WARN_INFINITE_RECURSION = YES;
				CLANG_WARN_INT_CONVERSION = YES;
				CLANG_WARN_NULLABLE_TO_NONNULL_CONVERSION = YES;
				CLANG_WARN_OBJC_IMPLICIT_RETAIN_SELF = YES;
				CLANG_WARN_OBJC_ROOT_CLASS = YES_ERROR;
				CLANG_WARN_QUOTED_INCLUDE_IN_FRAMEWORK_HEADER = YES;
				CLANG_WARN_RANGE_LOOP_ANALYSIS = YES;
				CLANG_WARN_STRICT_PROTOTYPES = YES;
				CLANG_WARN_SUSPICIOUS_IMPLICIT_CONVERSION = YES;
				CLANG_WARN_SUSPICIOUS_MOVE = YES;
				CLANG_WARN_UNREACHABLE_CODE = YES;
				CLANG_WARN__DUPLICATE_METHOD_MATCH = YES;
				CLANG_WARN__EXIT_TIME_DESTRUCTORS = YES;
				COPY_PHASE_STRIP = NO;
				CURRENT_PROJECT_VERSION = 1.5.0.1;
				DEAD_CODE_STRIPPING = YES;
				DEBUG_INFORMATION_FORMAT = "dwarf-with-dsym";
				DYLIB_COMPATIBILITY_VERSION = 1;
				DYLIB_CURRENT_VERSION = 1;
				DYLIB_INSTALL_NAME_BASE = "@rpath";
				ENABLE_BITCODE = NO;
				ENABLE_STRICT_OBJC_MSGSEND = YES;
				ENABLE_USER_SCRIPT_SANDBOXING = YES;
				GCC_ENABLE_OBJC_EXCEPTIONS = NO;
				GCC_NO_COMMON_BLOCKS = YES;
				GCC_TREAT_IMPLICIT_FUNCTION_DECLARATIONS_AS_ERRORS = YES;
				GCC_TREAT_INCOMPATIBLE_POINTER_TYPE_WARNINGS_AS_ERRORS = YES;
				GCC_WARN_64_TO_32_BIT_CONVERSION = YES;
				GCC_WARN_ABOUT_MISSING_FIELD_INITIALIZERS = YES;
				GCC_WARN_ABOUT_MISSING_NEWLINE = YES;
				GCC_WARN_ABOUT_MISSING_PROTOTYPES = YES;
				GCC_WARN_ABOUT_RETURN_TYPE = YES_ERROR;
				GCC_WARN_FOUR_CHARACTER_CONSTANTS = YES;
				GCC_WARN_HIDDEN_VIRTUAL_FUNCTIONS = YES;
				GCC_WARN_INITIALIZER_NOT_FULLY_BRACKETED = YES;
				GCC_WARN_NON_VIRTUAL_DESTRUCTOR = YES;
				GCC_WARN_SHADOW = YES;
				GCC_WARN_SIGN_COMPARE = YES;
				GCC_WARN_UNDECLARED_SELECTOR = YES;
				GCC_WARN_UNINITIALIZED_AUTOS = YES_AGGRESSIVE;
				GCC_WARN_UNUSED_FUNCTION = YES;
				GCC_WARN_UNUSED_LABEL = YES;
				GCC_WARN_UNUSED_PARAMETER = YES;
				GCC_WARN_UNUSED_VARIABLE = YES;
				GENERATE_PKGINFO_FILE = YES;
				HEADER_SEARCH_PATHS = ../Headers;
				INFOPLIST_FILE = FMMiniPlugIn/Info.plist;
				INFOPLIST_OUTPUT_FORMAT = binary;
				IPHONEOS_DEPLOYMENT_TARGET = 17.0;
				MACOSX_DEPLOYMENT_TARGET = 11.0;
				OTHER_CPLUSPLUSFLAGS = (
					"-fno-constant-cfstrings",
					"$(OTHER_CFLAGS)",
				);
				PRODUCT_NAME = "";
				SKIP_INSTALL = YES;
				STRING_CATALOG_GENERATE_SYMBOLS = YES;
				VERSION_INFO_PREFIX = "";
				WRAPPER_EXTENSION = fmplugin;
			};
			name = Release;
		};
		6FFC39ED1D49571000806C66 /* Debug */ = {
			isa = XCBuildConfiguration;
			buildSettings = {
				CODE_SIGN_IDENTITY = "Mac Developer";
				DEAD_CODE_STRIPPING = YES;
				DEVELOPMENT_TEAM = UPYT3AG967;
				FRAMEWORK_SEARCH_PATHS = ../Libraries/Mac;
				INFOPLIST_FILE = FileMakerMCP/Info.plist;
				LD_RUNPATH_SEARCH_PATHS = "@loader_path/../Frameworks";
				OTHER_LDFLAGS = (
					"-weak_framework",
					FMWrapper,
				);
				PRODUCT_BUNDLE_IDENTIFIER = "com.filemaker.$(TARGET_NAME)";
				PRODUCT_NAME = "$(TARGET_NAME)";
				SDKROOT = macosx;
			};
			name = Debug;
		};
		6FFC39EE1D49571000806C66 /* Release */ = {
			isa = XCBuildConfiguration;
			buildSettings = {
				CODE_SIGN_IDENTITY = "Mac Developer";
				DEAD_CODE_STRIPPING = YES;
				DEVELOPMENT_TEAM = UPYT3AG967;
				FRAMEWORK_SEARCH_PATHS = ../Libraries/Mac;
				INFOPLIST_FILE = FileMakerMCP/Info.plist;
				LD_RUNPATH_SEARCH_PATHS = "@loader_path/../Frameworks";
				OTHER_LDFLAGS = (
					"-weak_framework",
					FMWrapper,
				);
				PRODUCT_BUNDLE_IDENTIFIER = "com.filemaker.$(TARGET_NAME)";
				PRODUCT_NAME = "$(TARGET_NAME)";
				SDKROOT = macosx;
			};
			name = Release;
		};
		6FFC3A081D49764900806C66 /* Debug */ = {
			isa = XCBuildConfiguration;
			buildSettings = {
				FRAMEWORK_SEARCH_PATHS = "../Libraries/${PLATFORM_NAME}";
				LD_RUNPATH_SEARCH_PATHS = "@loader_path/Frameworks";
				OTHER_LDFLAGS = (
					"-weak_framework",
					iOSAppSDK,
				);
				PRODUCT_BUNDLE_IDENTIFIER = "com.filemaker.$(TARGET_NAME)";
				PRODUCT_NAME = "$(TARGET_NAME)";
				SDKROOT = iphoneos;
			};
			name = Debug;
		};
		6FFC3A091D49764900806C66 /* Release */ = {
			isa = XCBuildConfiguration;
			buildSettings = {
				FRAMEWORK_SEARCH_PATHS = "../Libraries/${PLATFORM_NAME}";
				LD_RUNPATH_SEARCH_PATHS = "@loader_path/Frameworks";
				OTHER_LDFLAGS = (
					"-weak_framework",
					iOSAppSDK,
				);
				PRODUCT_BUNDLE_IDENTIFIER = "com.filemaker.$(TARGET_NAME)";
				PRODUCT_NAME = "$(TARGET_NAME)";
				SDKROOT = iphoneos;
			};
			name = Release;
		};
/* End XCBuildConfiguration section */

/* Begin XCConfigurationList section */
		6FFC39DE1D49571000806C66 /* Build configuration list for PBXProject "FileMakerMCP" */ = {
			isa = XCConfigurationList;
			buildConfigurations = (
				6FFC39EA1D49571000806C66 /* Debug */,
				6FFC39EB1D49571000806C66 /* Release */,
			);
			defaultConfigurationIsVisible = 0;
			defaultConfigurationName = Release;
		};
		6FFC39EC1D49571000806C66 /* Build configuration list for PBXNativeTarget "FileMakerMCP" */ = {
			isa = XCConfigurationList;
			buildConfigurations = (
				6FFC39ED1D49571000806C66 /* Debug */,
				6FFC39EE1D49571000806C66 /* Release */,
			);
			defaultConfigurationIsVisible = 0;
			defaultConfigurationName = Release;
		};
		6FFC3A071D49764900806C66 /* Build configuration list for PBXNativeTarget "FileMakerMCPIOS" */ = {
			isa = XCConfigurationList;
			buildConfigurations = (
				6FFC3A081D49764900806C66 /* Debug */,
				6FFC3A091D49764900806C66 /* Release */,
			);
			defaultConfigurationIsVisible = 0;
			defaultConfigurationName = Release;
		};
/* End XCConfigurationList section */
	};
	rootObject = 6FFC39DB1D49571000806C66 /* Project object */;
}
